
Microsoft Visual Studio Solution File, Format Version 12.00
# Visual Studio Version 17
VisualStudioVersion = 17.0.31903.59
MinimumVisualStudioVersion = 10.0.40219.1
Project("{FAE04EC0-301F-11D3-BF4B-00C04F79EFBC}") = "PZ_ZombieLayerReplacer", "PZ_ZombieLayerReplacer\PZ_ZombieLayerReplacer.csproj", "{7A028418-2A8A-4DEC-8B90-C992D9FAFEEB}"
EndProject
Global
	GlobalSection(SolutionConfigurationPlatforms) = preSolution
		Debug|Any CPU = Debug|Any CPU
		Release|Any CPU = Release|Any CPU
	EndGlobalSection
	GlobalSection(ProjectConfigurationPlatforms) = postSolution
		{7A028418-2A8A-4DEC-8B90-C992D9FAFEEB}.Debug|Any CPU.ActiveCfg = Debug|Any CPU
		{7A028418-2A8A-4DEC-8B90-C992D9FAFEEB}.Debug|Any CPU.Build.0 = Debug|Any CPU
		{7A028418-2A8A-4DEC-8B90-C992D9FAFEEB}.Release|Any CPU.ActiveCfg = Release|Any CPU
		{7A028418-2A8A-4DEC-8B90-C992D9FAFEEB}.Release|Any CPU.Build.0 = Release|Any CPU
	EndGlobalSection
	GlobalSection(SolutionProperties) = preSolution
		HideSolutionNode = FALSE
	EndGlobalSection
	GlobalSection(ExtensibilityGlobals) = postSolution
		SolutionGuid = {861E3C71-4DBE-47A3-81F3-9280FE251D9D}
	EndGlobalSection
EndGlobal
